github.com/rwinkhart/go-boilerplate v0.3.1 h1:vkVRuptO2s1yPzzwpvtiiB0c/hPB6yr0p1mzZ2Myb9E=
github.com/rwinkhart/go-boilerplate v0.3.1/go.mod h1:ES13A2r9fnCVfyezwMBgY/RgA4pOIudOUXz3Jk/ikes=
github.com/rwinkhart/libmutton v0.5.0 h1:Du/o5Hyb26uE6lubqBISN/ZF9JZ5oObHVveQjAqrP0E=
github.com/rwinkhart/libmutton v0.5.0/go.mod h1:peh8A1f3gnaF97m8J06U28JloKv04Kw8WtFCH+Pcq6s=
github.com/rwinkhart/rcw v0.3.0 h1:OdgA++IGcDrZqN6FzyYnzbz04fL8Q1MHvlgPjhtgJM4=
github.com/rwinkhart/rcw v0.3.0/go.mod h1:UUY7kSku6kV2X1RWPUcK0Re+rQ6RvngWI8DVZJ11cqk=
github.com/rwinkhart/sys v0.41.0 h1:pHB6HphVC132UXYZ6yeOk62abqgl+pyl5ZZnsk4iUKg=
github.com/rwinkhart/sys v0.41.0/go.mod h1:OgkHotnGiDImocRcuBABYBEXf8A9a87e/uXjp9XT3ks=
golang.org/x/crypto v0.48.0 h1:/VRzVqiRSggnhY7gNRxPauEQ5Drw9haKdM0jqfcCFts=
golang.org/x/crypto v0.48.0/go.mod h1:r0kV5h3qnFPlQnBSrULhlsRfryS2pmewsg+XfMgkVos=
golang.org/x/term v0.40.0 h1:36e4zGLqU4yhjlmxEaagx2KuYbJq3EwY8K943ZsHcvg=
golang.org/x/term v0.40.0/go.mod h1:w2P8uVp06p2iyKKuvXIm7N/y0UCRt3UfJTfZ7oOpglM=
