github.com/rwinkhart/go-boilerplate v0.0.0-20250509173525-20670ec7bb9c h1:RIMnYf1MwsvmAr9E0/cpn7rTh8BWdfsQ2r31ITKJp2A=
github.com/rwinkhart/go-boilerplate v0.0.0-20250509173525-20670ec7bb9c/go.mod h1:cnzIF45I0FCOvE4YIB+26pLCUx2kWyY2llKYZruNaRY=
github.com/rwinkhart/libmutton v0.3.2-0.20250520161453-e64da70edb84 h1:7WUBDHVGgW5Dd4wm56X8qQpWUNOvh2Y/IQkjBl7atEE=
github.com/rwinkhart/libmutton v0.3.2-0.20250520161453-e64da70edb84/go.mod h1:noIP2Ov56fNq2McVhkOj5+VVLOV4E2eie2HbuOhXhXA=
github.com/rwinkhart/rcw v0.1.2 h1:JFNRx5Uc0VKZMbur05VbZBhfUtOp2KBjZ6UDeaCRYFI=
github.com/rwinkhart/rcw v0.1.2/go.mod h1:LQ2/YJFQlkW+JkgrLpZ51NQP/unIEzPTWsLOpOuKdKU=
github.com/rwinkhart/rcw v0.2.0 h1:/rFgJ+20OSThipKAX5KPwW2xbPpgh1zl49THmEkkPis=
github.com/rwinkhart/rcw v0.2.0/go.mod h1:LQ2/YJFQlkW+JkgrLpZ51NQP/unIEzPTWsLOpOuKdKU=
github.com/rwinkhart/sys-freebsd-13-xucred v0.33.0 h1:W4J4cS0yLMLKuYePFFL2OR8MAYLoHkErJvq9FBBqK70=
github.com/rwinkhart/sys-freebsd-13-xucred v0.33.0/go.mod h1:BJP2sWEmIv4KK5OTEluFJCKSidICx8ciO85XgH3Ak8k=
golang.org/x/crypto v0.38.0 h1:jt+WWG8IZlBnVbomuhg2Mdq0+BBQaHbtqHEFEigjUV8=
golang.org/x/crypto v0.38.0/go.mod h1:MvrbAqul58NNYPKnOra203SB9vpuZW0e+RRZV+Ggqjw=
golang.org/x/term v0.32.0 h1:DR4lr0TjUs3epypdhTOkMmuF5CDFJ/8pOnbzMZPQ7bg=
golang.org/x/term v0.32.0/go.mod h1:uZG1FhGx848Sqfsq4/DlJr3xGGsYMu/L5GW4abiaEPQ=
