github.com/rwinkhart/go-boilerplate v0.1.0 h1:EzlVj6R7Bxtl79Nl7R5zRcg6s+Cf2FAqGIzR4giWTQg=
github.com/rwinkhart/go-boilerplate v0.1.0/go.mod h1:cnzIF45I0FCOvE4YIB+26pLCUx2kWyY2llKYZruNaRY=
github.com/rwinkhart/libmutton v0.3.2-0.20250619221323-1c0671354862 h1:2sOYCHUzjtB4NBRpqvYYzC6oidkb40otUEGamProVwQ=
github.com/rwinkhart/libmutton v0.3.2-0.20250619221323-1c0671354862/go.mod h1:E0+uwcSUDbuwgwEjwmx4unWVyaHNcSS+bbwGiCFAYf0=
github.com/rwinkhart/rcw v0.1.2 h1:JFNRx5Uc0VKZMbur05VbZBhfUtOp2KBjZ6UDeaCRYFI=
github.com/rwinkhart/rcw v0.1.2/go.mod h1:LQ2/YJFQlkW+JkgrLpZ51NQP/unIEzPTWsLOpOuKdKU=
github.com/rwinkhart/rcw v0.2.1 h1:TCKmk557e/+EH3q1VGWiAnWuP7VUHbyhjtJWwpojPtk=
github.com/rwinkhart/rcw v0.2.1/go.mod h1:8aom27OU0OEAUDZni6YQx5YYW6pIotIFfFXxsYTFZsU=
github.com/rwinkhart/sys-freebsd-13-xucred v0.33.0 h1:W4J4cS0yLMLKuYePFFL2OR8MAYLoHkErJvq9FBBqK70=
github.com/rwinkhart/sys-freebsd-13-xucred v0.33.0/go.mod h1:BJP2sWEmIv4KK5OTEluFJCKSidICx8ciO85XgH3Ak8k=
golang.org/x/crypto v0.39.0 h1:SHs+kF4LP+f+p14esP5jAoDpHU8Gu/v9lFRK6IT5imM=
golang.org/x/crypto v0.39.0/go.mod h1:L+Xg3Wf6HoL4Bn4238Z6ft6KfEpN0tJGo53AAPC632U=
golang.org/x/term v0.32.0 h1:DR4lr0TjUs3epypdhTOkMmuF5CDFJ/8pOnbzMZPQ7bg=
golang.org/x/term v0.32.0/go.mod h1:uZG1FhGx848Sqfsq4/DlJr3xGGsYMu/L5GW4abiaEPQ=
